
Microsoft Visual Studio Solution File, Format Version 12.00
# Visual Studio 15
Project("{FAE04EC0-301F-11D3-BF4B-00C04F79EFBC}") = "Assembly-CSharp", "Assembly-CSharp.csproj", "{3428E1A6-E14C-EEF8-5456-92B6BA273371}"
EndProject
Project("{FAE04EC0-301F-11D3-BF4B-00C04F79EFBC}") = "Assembly-CSharp-firstpass", "Assembly-CSharp-firstpass.csproj", "{29453A05-6219-B8FA-A2C2-08B49CC858AA}"
EndProject
Project("{FAE04EC0-301F-11D3-BF4B-00C04F79EFBC}") = "Assembly-CSharp-Editor-firstpass", "Assembly-CSharp-Editor-firstpass.csproj", "{470FC983-171A-5890-71A7-FA62F569DF32}"
EndProject
Global
	GlobalSection(SolutionConfigurationPlatforms) = preSolution
		Debug|Any CPU = Debug|Any CPU
		Release|Any CPU = Release|Any CPU
	EndGlobalSection
	GlobalSection(ProjectConfigurationPlatforms) = postSolution
		{3428E1A6-E14C-EEF8-5456-92B6BA273371}.Debug|Any CPU.ActiveCfg = Debug|Any CPU
		{3428E1A6-E14C-EEF8-5456-92B6BA273371}.Debug|Any CPU.Build.0 = Debug|Any CPU
		{3428E1A6-E14C-EEF8-5456-92B6BA273371}.Release|Any CPU.ActiveCfg = Release|Any CPU
		{3428E1A6-E14C-EEF8-5456-92B6BA273371}.Release|Any CPU.Build.0 = Release|Any CPU
		{29453A05-6219-B8FA-A2C2-08B49CC858AA}.Debug|Any CPU.ActiveCfg = Debug|Any CPU
		{29453A05-6219-B8FA-A2C2-08B49CC858AA}.Debug|Any CPU.Build.0 = Debug|Any CPU
		{29453A05-6219-B8FA-A2C2-08B49CC858AA}.Release|Any CPU.ActiveCfg = Release|Any CPU
		{29453A05-6219-B8FA-A2C2-08B49CC858AA}.Release|Any CPU.Build.0 = Release|Any CPU
		{470FC983-171A-5890-71A7-FA62F569DF32}.Debug|Any CPU.ActiveCfg = Debug|Any CPU
		{470FC983-171A-5890-71A7-FA62F569DF32}.Debug|Any CPU.Build.0 = Debug|Any CPU
		{470FC983-171A-5890-71A7-FA62F569DF32}.Release|Any CPU.ActiveCfg = Release|Any CPU
		{470FC983-171A-5890-71A7-FA62F569DF32}.Release|Any CPU.Build.0 = Release|Any CPU
	EndGlobalSection
	GlobalSection(SolutionProperties) = preSolution
		HideSolutionNode = FALSE
	EndGlobalSection
EndGlobal
